// !$*UTF8*$!
{
	archiveVersion = 1;
	classes = {
	};
	objectVersion = 77;
	objects = {

/* Begin PBXContainerItemProxy section */
		A31AD3322D86D197003E1672 /* PBXContainerItemProxy */ = {
			isa = PBXContainerItemProxy;
			containerPortal = A31AD3192D86D196003E1672 /* Project object */;
			proxyType = 1;
			remoteGlobalIDString = A31AD3202D86D196003E1672;
			remoteInfo = ResumeForge;
		};
		A31AD33C2D86D197003E1672 /* PBXContainerItemProxy */ = {
			isa = PBXContainerItemProxy;
			containerPortal = A31AD3192D86D196003E1672 /* Project object */;
			proxyType = 1;
			remoteGlobalIDString = A31AD3202D86D196003E1672;
			remoteInfo = ResumeForge;
		};
/* End PBXContainerItemProxy section */

/* Begin PBXFileReference section */
		A31AD3212D86D196003E1672 /* ResumeForge.app */ = {isa = PBXFileReference; explicitFileType = wrapper.application; includeInIndex = 0; path = ResumeForge.app; sourceTree = BUILT_PRODUCTS_DIR; };
		A31AD3312D86D197003E1672 /* ResumeForgeTests.xctest */ = {isa = PBXFileReference; explicitFileType = wrapper.cfbundle; includeInIndex = 0; path = ResumeForgeTests.xctest; sourceTree = BUILT_PRODUCTS_DIR; };
		A31AD33B2D86D197003E1672 /* ResumeForgeUITests.xctest */ = {isa = PBXFileReference; explicitFileType = wrapper.cfbundle; includeInIndex = 0; path = ResumeForgeUITests.xctest; sourceTree = BUILT_PRODUCTS_DIR; };
/* End PBXFileReference section */

/* Begin PBXFileSystemSynchronizedRootGroup section */
		A31AD3232D86D196003E1672 /* ResumeForge */ = {
			isa = PBXFileSystemSynchronizedRootGroup;
			path = ResumeForge;
			sourceTree = "<group>";
		};
		A31AD3342D86D197003E1672 /* ResumeForgeTests */ = {
			isa = PBXFileSystemSynchronizedRootGroup;
			path = ResumeForgeTests;
			sourceTree = "<group>";
		};
		A31AD33E2D86D197003E1672 /* ResumeForgeUITests */ = {
			isa = PBXFileSystemSynchronizedRootGroup;
			path = ResumeForgeUITests;
			sourceTree = "<group>";
		};
/* End PBXFileSystemSynchronizedRootGroup section */

/* Begin PBXFrameworksBuildPhase section */
		A31AD31E2D86D196003E1672 /* Frameworks */ = {
			isa = PBXFrameworksBuildPhase;
			buildActionMask = 2147483647;
			files = (
			);
			runOnlyForDeploymentPostprocessing = 0;
		};
		A31AD32E2D86D197003E1672 /* Frameworks */ = {
			isa = PBXFrameworksBuildPhase;
			buildActionMask = 2147483647;
			files = (
			);
			runOnlyForDeploymentPostprocessing = 0;
		};
		A31AD3382D86D197003E1672 /* Frameworks */ = {
			isa = PBXFrameworksBuildPhase;
			buildActionMask = 2147483647;
			files = (
			);
			runOnlyForDeploymentPostprocessing = 0;
		};
/* End PBXFrameworksBuildPhase section */

/* Begin PBXGroup section */
		A31AD3182D86D196003E1672 = {
			isa = PBXGroup;
			children = (
				A31AD3232D86D196003E1672 /* ResumeForge */,
				A31AD3342D86D197003E1672 /* ResumeForgeTests */,
				A31AD33E2D86D197003E1672 /* ResumeForgeUITests */,
				A31AD3222D86D196003E1672 /* Products */,
			);
			sourceTree = "<group>";
		};
		A31AD3222D86D196003E1672 /* Products */ = {
			isa = PBXGroup;
			children = (
				A31AD3212D86D196003E1672 /* ResumeForge.app */,
				A31AD3312D86D197003E1672 /* ResumeForgeTests.xctest */,
				A31AD33B2D86D197003E1672 /* ResumeForgeUITests.xctest */,
			);
			name = Products;
			sourceTree = "<group>";
		};
/* End PBXGroup section */

/* Begin PBXNativeTarget section */
		A31AD3202D86D196003E1672 /* ResumeForge */ = {
			isa = PBXNativeTarget;
			buildConfigurationList = A31AD3452D86D197003E1672 /* Build configuration list for PBXNativeTarget "ResumeForge" */;
			buildPhases = (
				A31AD31D2D86D196003E1672 /* Sources */,
				A31AD31E2D86D196003E1672 /* Frameworks */,
				A31AD31F2D86D196003E1672 /* Resources */,
			);
			buildRules = (
			);
			dependencies = (
			);
			fileSystemSynchronizedGroups = (
				A31AD3232D86D196003E1672 /* ResumeForge */,
			);
			name = ResumeForge;
			packageProductDependencies = (
			);
			productName = ResumeForge;
			productReference = A31AD3212D86D196003E1672 /* ResumeForge.app */;
			productType = "com.apple.product-type.application";
		};
		A31AD3302D86D197003E1672 /* ResumeForgeTests */ = {
			isa = PBXNativeTarget;
			buildConfigurationList = A31AD3482D86D197003E1672 /* Build configuration list for PBXNativeTarget "ResumeForgeTests" */;
			buildPhases = (
				A31AD32D2D86D197003E1672 /* Sources */,
				A31AD32E2D86D197003E1672 /* Frameworks */,
				A31AD32F2D86D197003E1672 /* Resources */,
			);
			buildRules = (
			);
			dependencies = (
				A31AD3332D86D197003E1672 /* PBXTargetDependency */,
			);
			fileSystemSynchronizedGroups = (
				A31AD3342D86D197003E1672 /* ResumeForgeTests */,
			);
			name = ResumeForgeTests;
			packageProductDependencies = (
			);
			productName = ResumeForgeTests;
			productReference = A31AD3312D86D197003E1672 /* ResumeForgeTests.xctest */;
			productType = "com.apple.product-type.bundle.unit-test";
		};
		A31AD33A2D86D197003E1672 /* ResumeForgeUITests */ = {
			isa = PBXNativeTarget;
			buildConfigurationList = A31AD34B2D86D197003E1672 /* Build configuration list for PBXNativeTarget "ResumeForgeUITests" */;
			buildPhases = (
				A31AD3372D86D197003E1672 /* Sources */,
				A31AD3382D86D197003E1672 /* Frameworks */,
				A31AD3392D86D197003E1672 /* Resources */,
			);
			buildRules = (
			);
			dependencies = (
				A31AD33D2D86D197003E1672 /* PBXTargetDependency */,
			);
			fileSystemSynchronizedGroups = (
				A31AD33E2D86D197003E1672 /* ResumeForgeUITests */,
			);
			name = ResumeForgeUITests;
			packageProductDependencies = (
			);
			productName = ResumeForgeUITests;
			productReference = A31AD33B2D86D197003E1672 /* ResumeForgeUITests.xctest */;
			productType = "com.apple.product-type.bundle.ui-testing";
		};
/* End PBXNativeTarget section */

/* Begin PBXProject section */
		A31AD3192D86D196003E1672 /* Project object */ = {
			isa = PBXProject;
			attributes = {
				BuildIndependentTargetsInParallel = 1;
				LastSwiftUpdateCheck = 1620;
				LastUpgradeCheck = 1620;
				TargetAttributes = {
					A31AD3202D86D196003E1672 = {
						CreatedOnToolsVersion = 16.2;
					};
					A31AD3302D86D197003E1672 = {
						CreatedOnToolsVersion = 16.2;
						TestTargetID = A31AD3202D86D196003E1672;
					};
					A31AD33A2D86D197003E1672 = {
						CreatedOnToolsVersion = 16.2;
						TestTargetID = A31AD3202D86D196003E1672;
					};
				};
			};
			buildConfigurationList = A31AD31C2D86D196003E1672 /* Build configuration list for PBXProject "ResumeForge" */;
			developmentRegion = en;
			hasScannedForEncodings = 0;
			knownRegions = (
				en,
				Base,
			);
			mainGroup = A31AD3182D86D196003E1672;
			minimizedProjectReferenceProxies = 1;
			preferredProjectObjectVersion = 77;
			productRefGroup = A31AD3222D86D196003E1672 /* Products */;
			projectDirPath = "";
			projectRoot = "";
			targets = (
				A31AD3202D86D196003E1672 /* ResumeForge */,
				A31AD3302D86D197003E1672 /* ResumeForgeTests */,
				A31AD33A2D86D197003E1672 /* ResumeForgeUITests */,
			);
		};
/* End PBXProject section */

/* Begin PBXResourcesBuildPhase section */
		A31AD31F2D86D196003E1672 /* Resources */ = {
			isa = PBXResourcesBuildPhase;
			buildActionMask = 2147483647;
			files = (
			);
			runOnlyForDeploymentPostprocessing = 0;
		};
		A31AD32F2D86D197003E1672 /* Resources */ = {
			isa = PBXResourcesBuildPhase;
			buildActionMask = 2147483647;
			files = (
			);
			runOnlyForDeploymentPostprocessing = 0;
		};
		A31AD3392D86D197003E1672 /* Resources */ = {
			isa = PBXResourcesBuildPhase;
			buildActionMask = 2147483647;
			files = (
			);
			runOnlyForDeploymentPostprocessing = 0;
		};
/* End PBXResourcesBuildPhase section */

/* Begin PBXSourcesBuildPhase section */
		A31AD31D2D86D196003E1672 /* Sources */ = {
			isa = PBXSourcesBuildPhase;
			buildActionMask = 2147483647;
			files = (
			);
			runOnlyForDeploymentPostprocessing = 0;
		};
		A31AD32D2D86D197003E1672 /* Sources */ = {
			isa = PBXSourcesBuildPhase;
			buildActionMask = 2147483647;
			files = (
			);
			runOnlyForDeploymentPostprocessing = 0;
		};
		A31AD3372D86D197003E1672 /* Sources */ = {
			isa = PBXSourcesBuildPhase;
			buildActionMask = 2147483647;
			files = (
			);
			runOnlyForDeploymentPostprocessing = 0;
		};
/* End PBXSourcesBuildPhase section */

/* Begin PBXTargetDependency section */
		A31AD3332D86D197003E1672 /* PBXTargetDependency */ = {
			isa = PBXTargetDependency;
			target = A31AD3202D86D196003E1672 /* ResumeForge */;
			targetProxy = A31AD3322D86D197003E1672 /* PBXContainerItemProxy */;
		};
		A31AD33D2D86D197003E1672 /* PBXTargetDependency */ = {
			isa = PBXTargetDependency;
			target = A31AD3202D86D196003E1672 /* ResumeForge */;
			targetProxy = A31AD33C2D86D197003E1672 /* PBXContainerItemProxy */;
		};
/* End PBXTargetDependency section */

/* Begin XCBuildConfiguration section */
		A31AD3432D86D197003E1672 /* Debug */ = {
			isa = XCBuildConfiguration;
			buildSettings = {
				ALWAYS_SEARCH_USER_PATHS = NO;
				ASSETCATALOG_COMPILER_GENERATE_SWIFT_ASSET_SYMBOL_EXTENSIONS = YES;
				CLANG_ANALYZER_NONNULL = YES;
				CLANG_ANALYZER_NUMBER_OBJECT_CONVERSION = YES_AGGRESSIVE;
				CLANG_CXX_LANGUAGE_STANDARD = "gnu++20";
				CLANG_ENABLE_MODULES = YES;
				CLANG_ENABLE_OBJC_ARC = YES;
				CLANG_ENABLE_OBJC_WEAK = YES;
				CLANG_WARN_BLOCK_CAPTURE_AUTORELEASING = YES;
				CLANG_WARN_BOOL_CONVERSION = YES;
				CLANG_WARN_COMMA = YES;
				CLANG_WARN_CONSTANT_CONVERSION = YES;
				CLANG_WARN_DEPRECATED_OBJC_IMPLEMENTATIONS = YES;
				CLANG_WARN_DIRECT_OBJC_ISA_USAGE = YES_ERROR;
				CLANG_WARN_DOCUMENTATION_COMMENTS = YES;
				CLANG_WARN_EMPTY_BODY = YES;
				CLANG_WARN_ENUM_CONVERSION = YES;
				CLANG_WARN_INFINITE_RECURSION = YES;
				CLANG_WARN_INT_CONVERSION = YES;
				CLANG_WARN_NON_LITERAL_NULL_CONVERSION = YES;
				CLANG_WARN_OBJC_IMPLICIT_RETAIN_SELF = YES;
				CLANG_WARN_OBJC_LITERAL_CONVERSION = YES;
				CLANG_WARN_OBJC_ROOT_CLASS = YES_ERROR;
				CLANG_WARN_QUOTED_INCLUDE_IN_FRAMEWORK_HEADER = YES;
				CLANG_WARN_RANGE_LOOP_ANALYSIS = YES;
				CLANG_WARN_STRICT_PROTOTYPES = YES;
				CLANG_WARN_SUSPICIOUS_MOVE = YES;
				CLANG_WARN_UNGUARDED_AVAILABILITY = YES_AGGRESSIVE;
				CLANG_WARN_UNREACHABLE_CODE = YES;
				CLANG_WARN__DUPLICATE_METHOD_MATCH = YES;
				COPY_PHASE_STRIP = NO;
				DEBUG_INFORMATION_FORMAT = dwarf;
				ENABLE_STRICT_OBJC_MSGSEND = YES;
				ENABLE_TESTABILITY = YES;
				ENABLE_USER_SCRIPT_SANDBOXING = YES;
				GCC_C_LANGUAGE_STANDARD = gnu17;
				GCC_DYNAMIC_NO_PIC = NO;
				GCC_NO_COMMON_BLOCKS = YES;
				GCC_OPTIMIZATION_LEVEL = 0;
				GCC_PREPROCESSOR_DEFINITIONS = (
					"DEBUG=1",
					"$(inherited)",
				);
				GCC_WARN_64_TO_32_BIT_CONVERSION = YES;
				GCC_WARN_ABOUT_RETURN_TYPE = YES_ERROR;
				GCC_WARN_UNDECLARED_SELECTOR = YES;
				GCC_WARN_UNINITIALIZED_AUTOS = YES_AGGRESSIVE;
				GCC_WARN_UNUSED_FUNCTION = YES;
				GCC_WARN_UNUSED_VARIABLE = YES;
				IPHONEOS_DEPLOYMENT_TARGET = 18.2;
				LOCALIZATION_PREFERS_STRING_CATALOGS = YES;
				MTL_ENABLE_DEBUG_INFO = INCLUDE_SOURCE;
				MTL_FAST_MATH = YES;
				ONLY_ACTIVE_ARCH = YES;
				SDKROOT = iphoneos;
				SWIFT_ACTIVE_COMPILATION_CONDITIONS = "DEBUG $(inherited)";
				SWIFT_OPTIMIZATION_LEVEL = "-Onone";
			};
			name = Debug;
		};
		A31AD3442D86D197003E1672 /* Release */ = {
			isa = XCBuildConfiguration;
			buildSettings = {
				ALWAYS_SEARCH_USER_PATHS = NO;
				ASSETCATALOG_COMPILER_GENERATE_SWIFT_ASSET_SYMBOL_EXTENSIONS = YES;
				CLANG_ANALYZER_NONNULL = YES;
				CLANG_ANALYZER_NUMBER_OBJECT_CONVERSION = YES_AGGRESSIVE;
				CLANG_CXX_LANGUAGE_STANDARD = "gnu++20";
				CLANG_ENABLE_MODULES = YES;
				CLANG_ENABLE_OBJC_ARC = YES;
				CLANG_ENABLE_OBJC_WEAK = YES;
				CLANG_WARN_BLOCK_CAPTURE_AUTORELEASING = YES;
				CLANG_WARN_BOOL_CONVERSION = YES;
				CLANG_WARN_COMMA = YES;
				CLANG_WARN_CONSTANT_CONVERSION = YES;
				CLANG_WARN_DEPRECATED_OBJC_IMPLEMENTATIONS = YES;
				CLANG_WARN_DIRECT_OBJC_ISA_USAGE = YES_ERROR;
				CLANG_WARN_DOCUMENTATION_COMMENTS = YES;
				CLANG_WARN_EMPTY_BODY = YES;
				CLANG_WARN_ENUM_CONVERSION = YES;
				CLANG_WARN_INFINITE_RECURSION = YES;
				CLANG_WARN_INT_CONVERSION = YES;
				CLANG_WARN_NON_LITERAL_NULL_CONVERSION = YES;
				CLANG_WARN_OBJC_IMPLICIT_RETAIN_SELF = YES;
				CLANG_WARN_OBJC_LITERAL_CONVERSION = YES;
				CLANG_WARN_OBJC_ROOT_CLASS = YES_ERROR;
				CLANG_WARN_QUOTED_INCLUDE_IN_FRAMEWORK_HEADER = YES;
				CLANG_WARN_RANGE_LOOP_ANALYSIS = YES;
				CLANG_WARN_STRICT_PROTOTYPES = YES;
				CLANG_WARN_SUSPICIOUS_MOVE = YES;
				CLANG_WARN_UNGUARDED_AVAILABILITY = YES_AGGRESSIVE;
				CLANG_WARN_UNREACHABLE_CODE = YES;
				CLANG_WARN__DUPLICATE_METHOD_MATCH = YES;
				COPY_PHASE_STRIP = NO;
				DEBUG_INFORMATION_FORMAT = "dwarf-with-dsym";
				ENABLE_NS_ASSERTIONS = NO;
				ENABLE_STRICT_OBJC_MSGSEND = YES;
				ENABLE_USER_SCRIPT_SANDBOXING = YES;
				GCC_C_LANGUAGE_STANDARD = gnu17;
				GCC_NO_COMMON_BLOCKS = YES;
				GCC_WARN_64_TO_32_BIT_CONVERSION = YES;
				GCC_WARN_ABOUT_RETURN_TYPE = YES_ERROR;
				GCC_WARN_UNDECLARED_SELECTOR = YES;
				GCC_WARN_UNINITIALIZED_AUTOS = YES_AGGRESSIVE;
				GCC_WARN_UNUSED_FUNCTION = YES;
				GCC_WARN_UNUSED_VARIABLE = YES;
				IPHONEOS_DEPLOYMENT_TARGET = 18.2;
				LOCALIZATION_PREFERS_STRING_CATALOGS = YES;
				MTL_ENABLE_DEBUG_INFO = NO;
				MTL_FAST_MATH = YES;
				SDKROOT = iphoneos;
				SWIFT_COMPILATION_MODE = wholemodule;
				VALIDATE_PRODUCT = YES;
			};
			name = Release;
		};
		A31AD3462D86D197003E1672 /* Debug */ = {
			isa = XCBuildConfiguration;
			buildSettings = {
				ASSETCATALOG_COMPILER_APPICON_NAME = AppIcon;
				ASSETCATALOG_COMPILER_GLOBAL_ACCENT_COLOR_NAME = AccentColor;
				CODE_SIGN_STYLE = Automatic;
				CURRENT_PROJECT_VERSION = 1;
				DEVELOPMENT_ASSET_PATHS = "\"ResumeForge/Preview Content\"";
				DEVELOPMENT_TEAM = R42VT3SQ7N;
				ENABLE_PREVIEWS = YES;
				GENERATE_INFOPLIST_FILE = YES;
				INFOPLIST_KEY_UIApplicationSceneManifest_Generation = YES;
				INFOPLIST_KEY_UIApplicationSupportsIndirectInputEvents = YES;
				INFOPLIST_KEY_UILaunchScreen_Generation = YES;
				INFOPLIST_KEY_UISupportedInterfaceOrientations_iPad = "UIInterfaceOrientationPortrait UIInterfaceOrientationPortraitUpsideDown UIInterfaceOrientationLandscapeLeft UIInterfaceOrientationLandscapeRight";
				INFOPLIST_KEY_UISupportedInterfaceOrientations_iPhone = "UIInterfaceOrientationPortrait UIInterfaceOrientationLandscapeLeft UIInterfaceOrientationLandscapeRight";
				LD_RUNPATH_SEARCH_PATHS = (
					"$(inherited)",
					"@executable_path/Frameworks",
				);
				MARKETING_VERSION = 1.0;
				PRODUCT_BUNDLE_IDENTIFIER = "Artem-Sarkisian.ResumeForge";
				PRODUCT_NAME = "$(TARGET_NAME)";
				SWIFT_EMIT_LOC_STRINGS = YES;
				SWIFT_VERSION = 5.0;
				TARGETED_DEVICE_FAMILY = "1,2";
			};
			name = Debug;
		};
		A31AD3472D86D197003E1672 /* Release */ = {
			isa = XCBuildConfiguration;
			buildSettings = {
				ASSETCATALOG_COMPILER_APPICON_NAME = AppIcon;
				ASSETCATALOG_COMPILER_GLOBAL_ACCENT_COLOR_NAME = AccentColor;
				CODE_SIGN_STYLE = Automatic;
				CURRENT_PROJECT_VERSION = 1;
				DEVELOPMENT_ASSET_PATHS = "\"ResumeForge/Preview Content\"";
				DEVELOPMENT_TEAM = R42VT3SQ7N;
				ENABLE_PREVIEWS = YES;
				GENERATE_INFOPLIST_FILE = YES;
				INFOPLIST_KEY_UIApplicationSceneManifest_Generation = YES;
				INFOPLIST_KEY_UIApplicationSupportsIndirectInputEvents = YES;
				INFOPLIST_KEY_UILaunchScreen_Generation = YES;
				INFOPLIST_KEY_UISupportedInterfaceOrientations_iPad = "UIInterfaceOrientationPortrait UIInterfaceOrientationPortraitUpsideDown UIInterfaceOrientationLandscapeLeft UIInterfaceOrientationLandscapeRight";
				INFOPLIST_KEY_UISupportedInterfaceOrientations_iPhone = "UIInterfaceOrientationPortrait UIInterfaceOrientationLandscapeLeft UIInterfaceOrientationLandscapeRight";
				LD_RUNPATH_SEARCH_PATHS = (
					"$(inherited)",
					"@executable_path/Frameworks",
				);
				MARKETING_VERSION = 1.0;
				PRODUCT_BUNDLE_IDENTIFIER = "Artem-Sarkisian.ResumeForge";
				PRODUCT_NAME = "$(TARGET_NAME)";
				SWIFT_EMIT_LOC_STRINGS = YES;
				SWIFT_VERSION = 5.0;
				TARGETED_DEVICE_FAMILY = "1,2";
			};
			name = Release;
		};
		A31AD3492D86D197003E1672 /* Debug */ = {
			isa = XCBuildConfiguration;
			buildSettings = {
				BUNDLE_LOADER = "$(TEST_HOST)";
				CODE_SIGN_STYLE = Automatic;
				CURRENT_PROJECT_VERSION = 1;
				GENERATE_INFOPLIST_FILE = YES;
				IPHONEOS_DEPLOYMENT_TARGET = 18.2;
				MARKETING_VERSION = 1.0;
				PRODUCT_BUNDLE_IDENTIFIER = "Artem-Sarkisian.ResumeForgeTests";
				PRODUCT_NAME = "$(TARGET_NAME)";
				SWIFT_EMIT_LOC_STRINGS = NO;
				SWIFT_VERSION = 5.0;
				TARGETED_DEVICE_FAMILY = "1,2";
				TEST_HOST = "$(BUILT_PRODUCTS_DIR)/ResumeForge.app/$(BUNDLE_EXECUTABLE_FOLDER_PATH)/ResumeForge";
			};
			name = Debug;
		};
		A31AD34A2D86D197003E1672 /* Release */ = {
			isa = XCBuildConfiguration;
			buildSettings = {
				BUNDLE_LOADER = "$(TEST_HOST)";
				CODE_SIGN_STYLE = Automatic;
				CURRENT_PROJECT_VERSION = 1;
				GENERATE_INFOPLIST_FILE = YES;
				IPHONEOS_DEPLOYMENT_TARGET = 18.2;
				MARKETING_VERSION = 1.0;
				PRODUCT_BUNDLE_IDENTIFIER = "Artem-Sarkisian.ResumeForgeTests";
				PRODUCT_NAME = "$(TARGET_NAME)";
				SWIFT_EMIT_LOC_STRINGS = NO;
				SWIFT_VERSION = 5.0;
				TARGETED_DEVICE_FAMILY = "1,2";
				TEST_HOST = "$(BUILT_PRODUCTS_DIR)/ResumeForge.app/$(BUNDLE_EXECUTABLE_FOLDER_PATH)/ResumeForge";
			};
			name = Release;
		};
		A31AD34C2D86D197003E1672 /* Debug */ = {
			isa = XCBuildConfiguration;
			buildSettings = {
				CODE_SIGN_STYLE = Automatic;
				CURRENT_PROJECT_VERSION = 1;
				GENERATE_INFOPLIST_FILE = YES;
				MARKETING_VERSION = 1.0;
				PRODUCT_BUNDLE_IDENTIFIER = "Artem-Sarkisian.ResumeForgeUITests";
				PRODUCT_NAME = "$(TARGET_NAME)";
				SWIFT_EMIT_LOC_STRINGS = NO;
				SWIFT_VERSION = 5.0;
				TARGETED_DEVICE_FAMILY = "1,2";
				TEST_TARGET_NAME = ResumeForge;
			};
			name = Debug;
		};
		A31AD34D2D86D197003E1672 /* Release */ = {
			isa = XCBuildConfiguration;
			buildSettings = {
				CODE_SIGN_STYLE = Automatic;
				CURRENT_PROJECT_VERSION = 1;
				GENERATE_INFOPLIST_FILE = YES;
				MARKETING_VERSION = 1.0;
				PRODUCT_BUNDLE_IDENTIFIER = "Artem-Sarkisian.ResumeForgeUITests";
				PRODUCT_NAME = "$(TARGET_NAME)";
				SWIFT_EMIT_LOC_STRINGS = NO;
				SWIFT_VERSION = 5.0;
				TARGETED_DEVICE_FAMILY = "1,2";
				TEST_TARGET_NAME = ResumeForge;
			};
			name = Release;
		};
/* End XCBuildConfiguration section */

/* Begin XCConfigurationList section */
		A31AD31C2D86D196003E1672 /* Build configuration list for PBXProject "ResumeForge" */ = {
			isa = XCConfigurationList;
			buildConfigurations = (
				A31AD3432D86D197003E1672 /* Debug */,
				A31AD3442D86D197003E1672 /* Release */,
			);
			defaultConfigurationIsVisible = 0;
			defaultConfigurationName = Release;
		};
		A31AD3452D86D197003E1672 /* Build configuration list for PBXNativeTarget "ResumeForge" */ = {
			isa = XCConfigurationList;
			buildConfigurations = (
				A31AD3462D86D197003E1672 /* Debug */,
				A31AD3472D86D197003E1672 /* Release */,
			);
			defaultConfigurationIsVisible = 0;
			defaultConfigurationName = Release;
		};
		A31AD3482D86D197003E1672 /* Build configuration list for PBXNativeTarget "ResumeForgeTests" */ = {
			isa = XCConfigurationList;
			buildConfigurations = (
				A31AD3492D86D197003E1672 /* Debug */,
				A31AD34A2D86D197003E1672 /* Release */,
			);
			defaultConfigurationIsVisible = 0;
			defaultConfigurationName = Release;
		};
		A31AD34B2D86D197003E1672 /* Build configuration list for PBXNativeTarget "ResumeForgeUITests" */ = {
			isa = XCConfigurationList;
			buildConfigurations = (
				A31AD34C2D86D197003E1672 /* Debug */,
				A31AD34D2D86D197003E1672 /* Release */,
			);
			defaultConfigurationIsVisible = 0;
			defaultConfigurationName = Release;
		};
/* End XCConfigurationList section */
	};
	rootObject = A31AD3192D86D196003E1672 /* Project object */;
}
